
Microsoft Visual Studio Solution File, Format Version 12.00
# Visual Studio Version 17
VisualStudioVersion = 17.8.34408.163
MinimumVisualStudioVersion = 10.0.40219.1
Project("{FAE04EC0-301F-11D3-BF4B-00C04F79EFBC}") = "EmployeeManagementSystem", "EmployeeManagementSystem\EmployeeManagementSystem.csproj", "{D1424A62-C307-4396-AEAF-70BCCC0CD124}"
EndProject
Global
	GlobalSection(SolutionConfigurationPlatforms) = preSolution
		Debug|Any CPU = Debug|Any CPU
		Release|Any CPU = Release|Any CPU
	EndGlobalSection
	GlobalSection(ProjectConfigurationPlatforms) = postSolution
		{D1424A62-C307-4396-AEAF-70BCCC0CD124}.Debug|Any CPU.ActiveCfg = Debug|Any CPU
		{D1424A62-C307-4396-AEAF-70BCCC0CD124}.Debug|Any CPU.Build.0 = Debug|Any CPU
		{D1424A62-C307-4396-AEAF-70BCCC0CD124}.Release|Any CPU.ActiveCfg = Release|Any CPU
		{D1424A62-C307-4396-AEAF-70BCCC0CD124}.Release|Any CPU.Build.0 = Release|Any CPU
	EndGlobalSection
	GlobalSection(SolutionProperties) = preSolution
		HideSolutionNode = FALSE
	EndGlobalSection
	GlobalSection(ExtensibilityGlobals) = postSolution
		SolutionGuid = {24B24D77-D2FD-4150-9C36-26775BA199A0}
	EndGlobalSection
EndGlobal
